
Microsoft Visual Studio Solution File, Format Version 12.00
# Visual Studio Version 16
VisualStudioVersion = 16.0.30320.27
MinimumVisualStudioVersion = 10.0.40219.1
Project("{2150E333-8FDC-42A3-9474-1A3956D46DE8}") = "Documents", "Documents", "{BB69FACA-65CC-4B04-9173-05CE86A90958}"
	ProjectSection(SolutionItems) = preProject
		README.md = README.md
	EndProjectSection
EndProject
Project("{9A19103F-16F7-4668-BE54-9A1E7A4F7556}") = "BlazorAppInWebAssembly", "BlazorAppInWebAssembly\BlazorAppInWebAssembly.csproj", "{988DCB50-6B77-4A57-A78A-E94ABBAFC0B7}"
EndProject
Project("{2150E333-8FDC-42A3-9474-1A3956D46DE8}") = "CovidCounter", "CovidCounter", "{8E136A4D-63CE-4F3E-9ACD-901B477027B4}"
EndProject
Project("{9A19103F-16F7-4668-BE54-9A1E7A4F7556}") = "Covid.Client", "Covid.Client\Covid.Client.csproj", "{4EB00F0D-EE7F-410D-BD8E-EEA33F04CF5E}"
EndProject
Project("{9A19103F-16F7-4668-BE54-9A1E7A4F7556}") = "Covid.Server", "Covid.Server\Covid.Server.csproj", "{A62C5A33-CF18-4085-ABB1-25C3AD006487}"
EndProject
Project("{9A19103F-16F7-4668-BE54-9A1E7A4F7556}") = "Covid.Shared", "Covid.Shared\Covid.Shared.csproj", "{89F03514-056E-4008-9496-B393F0677A7F}"
EndProject
Project("{2150E333-8FDC-42A3-9474-1A3956D46DE8}") = "TestCase", "TestCase", "{232E9D9A-2430-427E-925C-B437DD2658A5}"
	ProjectSection(SolutionItems) = preProject
		TestCase\CovidCounter.postman_collection.json = TestCase\CovidCounter.postman_collection.json
	EndProjectSection
EndProject
Global
	GlobalSection(SolutionConfigurationPlatforms) = preSolution
		Debug|Any CPU = Debug|Any CPU
		Release|Any CPU = Release|Any CPU
	EndGlobalSection
	GlobalSection(ProjectConfigurationPlatforms) = postSolution
		{988DCB50-6B77-4A57-A78A-E94ABBAFC0B7}.Debug|Any CPU.ActiveCfg = Debug|Any CPU
		{988DCB50-6B77-4A57-A78A-E94ABBAFC0B7}.Debug|Any CPU.Build.0 = Debug|Any CPU
		{988DCB50-6B77-4A57-A78A-E94ABBAFC0B7}.Release|Any CPU.ActiveCfg = Release|Any CPU
		{988DCB50-6B77-4A57-A78A-E94ABBAFC0B7}.Release|Any CPU.Build.0 = Release|Any CPU
		{4EB00F0D-EE7F-410D-BD8E-EEA33F04CF5E}.Debug|Any CPU.ActiveCfg = Debug|Any CPU
		{4EB00F0D-EE7F-410D-BD8E-EEA33F04CF5E}.Debug|Any CPU.Build.0 = Debug|Any CPU
		{4EB00F0D-EE7F-410D-BD8E-EEA33F04CF5E}.Release|Any CPU.ActiveCfg = Release|Any CPU
		{4EB00F0D-EE7F-410D-BD8E-EEA33F04CF5E}.Release|Any CPU.Build.0 = Release|Any CPU
		{A62C5A33-CF18-4085-ABB1-25C3AD006487}.Debug|Any CPU.ActiveCfg = Debug|Any CPU
		{A62C5A33-CF18-4085-ABB1-25C3AD006487}.Debug|Any CPU.Build.0 = Debug|Any CPU
		{A62C5A33-CF18-4085-ABB1-25C3AD006487}.Release|Any CPU.ActiveCfg = Release|Any CPU
		{A62C5A33-CF18-4085-ABB1-25C3AD006487}.Release|Any CPU.Build.0 = Release|Any CPU
		{89F03514-056E-4008-9496-B393F0677A7F}.Debug|Any CPU.ActiveCfg = Debug|Any CPU
		{89F03514-056E-4008-9496-B393F0677A7F}.Debug|Any CPU.Build.0 = Debug|Any CPU
		{89F03514-056E-4008-9496-B393F0677A7F}.Release|Any CPU.ActiveCfg = Release|Any CPU
		{89F03514-056E-4008-9496-B393F0677A7F}.Release|Any CPU.Build.0 = Release|Any CPU
	EndGlobalSection
	GlobalSection(SolutionProperties) = preSolution
		HideSolutionNode = FALSE
	EndGlobalSection
	GlobalSection(NestedProjects) = preSolution
		{4EB00F0D-EE7F-410D-BD8E-EEA33F04CF5E} = {8E136A4D-63CE-4F3E-9ACD-901B477027B4}
		{A62C5A33-CF18-4085-ABB1-25C3AD006487} = {8E136A4D-63CE-4F3E-9ACD-901B477027B4}
		{89F03514-056E-4008-9496-B393F0677A7F} = {8E136A4D-63CE-4F3E-9ACD-901B477027B4}
	EndGlobalSection
	GlobalSection(ExtensibilityGlobals) = postSolution
		SolutionGuid = {CD9DAEE8-BB75-4CB2-8F50-E074F4C51304}
	EndGlobalSection
EndGlobal
